
Microsoft Visual Studio Solution File, Format Version 12.00
# Visual Studio Version 17
VisualStudioVersion = 17.4.33403.182
MinimumVisualStudioVersion = 10.0.40219.1
Project("{FAE04EC0-301F-11D3-BF4B-00C04F79EFBC}") = "DesktopCleaner", "DesktopCleaner\DesktopCleaner.csproj", "{31AFADD2-9C80-41FC-9D9E-7E757D710EC5}"
EndProject
Global
	GlobalSection(SolutionConfigurationPlatforms) = preSolution
		Debug|Any CPU = Debug|Any CPU
		Release|Any CPU = Release|Any CPU
	EndGlobalSection
	GlobalSection(ProjectConfigurationPlatforms) = postSolution
		{31AFADD2-9C80-41FC-9D9E-7E757D710EC5}.Debug|Any CPU.ActiveCfg = Debug|Any CPU
		{31AFADD2-9C80-41FC-9D9E-7E757D710EC5}.Debug|Any CPU.Build.0 = Debug|Any CPU
		{31AFADD2-9C80-41FC-9D9E-7E757D710EC5}.Release|Any CPU.ActiveCfg = Release|Any CPU
		{31AFADD2-9C80-41FC-9D9E-7E757D710EC5}.Release|Any CPU.Build.0 = Release|Any CPU
	EndGlobalSection
	GlobalSection(SolutionProperties) = preSolution
		HideSolutionNode = FALSE
	EndGlobalSection
	GlobalSection(ExtensibilityGlobals) = postSolution
		SolutionGuid = {A38A9BC8-4753-4F75-BAFD-2D04DBD5DD14}
	EndGlobalSection
EndGlobal
